// !$*UTF8*$!
{
	archiveVersion = 1;
	classes = {
	};
	objectVersion = 51;
	objects = {

/* Begin PBXBuildFile section */
		4571BAA80E2AA3D6B04BFD81 /* Pods_Firebase_Messenger.framework in Frameworks */ = {isa = PBXBuildFile; fileRef = D7F47FA93AEE353E1D0071B0 /* Pods_Firebase_Messenger.framework */; };
		A1B1B50E26F0AC46007A560D /* AppDelegate.swift in Sources */ = {isa = PBXBuildFile; fileRef = A1B1B50D26F0AC46007A560D /* AppDelegate.swift */; };
		A1B1B51026F0AC46007A560D /* SceneDelegate.swift in Sources */ = {isa = PBXBuildFile; fileRef = A1B1B50F26F0AC46007A560D /* SceneDelegate.swift */; };
		A1B1B51226F0AC46007A560D /* LoginViewController.swift in Sources */ = {isa = PBXBuildFile; fileRef = A1B1B51126F0AC46007A560D /* LoginViewController.swift */; };
		A1B1B51526F0AC46007A560D /* Main.storyboard in Resources */ = {isa = PBXBuildFile; fileRef = A1B1B51326F0AC46007A560D /* Main.storyboard */; };
		A1B1B51726F0AC49007A560D /* Assets.xcassets in Resources */ = {isa = PBXBuildFile; fileRef = A1B1B51626F0AC49007A560D /* Assets.xcassets */; };
		A1B1B51A26F0AC49007A560D /* LaunchScreen.storyboard in Resources */ = {isa = PBXBuildFile; fileRef = A1B1B51826F0AC49007A560D /* LaunchScreen.storyboard */; };
		A1B1B54526F0B4AB007A560D /* GoogleService-Info.plist in Resources */ = {isa = PBXBuildFile; fileRef = A1B1B54426F0B4AB007A560D /* GoogleService-Info.plist */; };
/* End PBXBuildFile section */

/* Begin PBXFileReference section */
		2A159441D7722DF5649B2211 /* Pods-Firebase Messenger.debug.xcconfig */ = {isa = PBXFileReference; includeInIndex = 1; lastKnownFileType = text.xcconfig; name = "Pods-Firebase Messenger.debug.xcconfig"; path = "Target Support Files/Pods-Firebase Messenger/Pods-Firebase Messenger.debug.xcconfig"; sourceTree = "<group>"; };
		6DDCBD7A4FC4F9AFE49279FB /* Pods-Firebase Messenger.release.xcconfig */ = {isa = PBXFileReference; includeInIndex = 1; lastKnownFileType = text.xcconfig; name = "Pods-Firebase Messenger.release.xcconfig"; path = "Target Support Files/Pods-Firebase Messenger/Pods-Firebase Messenger.release.xcconfig"; sourceTree = "<group>"; };
		A1B1B50A26F0AC46007A560D /* Firebase Messenger.app */ = {isa = PBXFileReference; explicitFileType = wrapper.application; includeInIndex = 0; path = "Firebase Messenger.app"; sourceTree = BUILT_PRODUCTS_DIR; };
		A1B1B50D26F0AC46007A560D /* AppDelegate.swift */ = {isa = PBXFileReference; lastKnownFileType = sourcecode.swift; path = AppDelegate.swift; sourceTree = "<group>"; };
		A1B1B50F26F0AC46007A560D /* SceneDelegate.swift */ = {isa = PBXFileReference; lastKnownFileType = sourcecode.swift; path = SceneDelegate.swift; sourceTree = "<group>"; };
		A1B1B51126F0AC46007A560D /* LoginViewController.swift */ = {isa = PBXFileReference; lastKnownFileType = sourcecode.swift; path = LoginViewController.swift; sourceTree = "<group>"; };
		A1B1B51426F0AC46007A560D /* Base */ = {isa = PBXFileReference; lastKnownFileType = file.storyboard; name = Base; path = Base.lproj/Main.storyboard; sourceTree = "<group>"; };
		A1B1B51626F0AC49007A560D /* Assets.xcassets */ = {isa = PBXFileReference; lastKnownFileType = folder.assetcatalog; path = Assets.xcassets; sourceTree = "<group>"; };
		A1B1B51926F0AC49007A560D /* Base */ = {isa = PBXFileReference; lastKnownFileType = file.storyboard; name = Base; path = Base.lproj/LaunchScreen.storyboard; sourceTree = "<group>"; };
		A1B1B51B26F0AC49007A560D /* Info.plist */ = {isa = PBXFileReference; lastKnownFileType = text.plist.xml; path = Info.plist; sourceTree = "<group>"; };
		A1B1B54426F0B4AB007A560D /* GoogleService-Info.plist */ = {isa = PBXFileReference; lastKnownFileType = text.plist; path = "GoogleService-Info.plist"; sourceTree = SOURCE_ROOT; };
		D7F47FA93AEE353E1D0071B0 /* Pods_Firebase_Messenger.framework */ = {isa = PBXFileReference; explicitFileType = wrapper.framework; includeInIndex = 0; path = Pods_Firebase_Messenger.framework; sourceTree = BUILT_PRODUCTS_DIR; };
/* End PBXFileReference section */

/* Begin PBXFrameworksBuildPhase section */
		A1B1B50726F0AC46007A560D /* Frameworks */ = {
			isa = PBXFrameworksBuildPhase;
			buildActionMask = 2147483647;
			files = (
				4571BAA80E2AA3D6B04BFD81 /* Pods_Firebase_Messenger.framework in Frameworks */,
			);
			runOnlyForDeploymentPostprocessing = 0;
		};
/* End PBXFrameworksBuildPhase section */

/* Begin PBXGroup section */
		A1B1B50126F0AC46007A560D = {
			isa = PBXGroup;
			children = (
				A1B1B50C26F0AC46007A560D /* Firebase Messenger */,
				A1B1B50B26F0AC46007A560D /* Products */,
				FDE4913EF66DEDB5573D1A1A /* Pods */,
				BC4219DE2C2B8D4F0B363E0F /* Frameworks */,
			);
			sourceTree = "<group>";
		};
		A1B1B50B26F0AC46007A560D /* Products */ = {
			isa = PBXGroup;
			children = (
				A1B1B50A26F0AC46007A560D /* Firebase Messenger.app */,
			);
			name = Products;
			sourceTree = "<group>";
		};
		A1B1B50C26F0AC46007A560D /* Firebase Messenger */ = {
			isa = PBXGroup;
			children = (
				A1B1B50D26F0AC46007A560D /* AppDelegate.swift */,
				A1B1B50F26F0AC46007A560D /* SceneDelegate.swift */,
				A1B1B51126F0AC46007A560D /* LoginViewController.swift */,
				A1B1B51326F0AC46007A560D /* Main.storyboard */,
				A1B1B51626F0AC49007A560D /* Assets.xcassets */,
				A1B1B51826F0AC49007A560D /* LaunchScreen.storyboard */,
				A1B1B51B26F0AC49007A560D /* Info.plist */,
				A1B1B54426F0B4AB007A560D /* GoogleService-Info.plist */,
			);
			path = "Firebase Messenger";
			sourceTree = "<group>";
		};
		BC4219DE2C2B8D4F0B363E0F /* Frameworks */ = {
			isa = PBXGroup;
			children = (
				D7F47FA93AEE353E1D0071B0 /* Pods_Firebase_Messenger.framework */,
			);
			name = Frameworks;
			sourceTree = "<group>";
		};
		FDE4913EF66DEDB5573D1A1A /* Pods */ = {
			isa = PBXGroup;
			children = (
				2A159441D7722DF5649B2211 /* Pods-Firebase Messenger.debug.xcconfig */,
				6DDCBD7A4FC4F9AFE49279FB /* Pods-Firebase Messenger.release.xcconfig */,
			);
			path = Pods;
			sourceTree = "<group>";
		};
/* End PBXGroup section */

/* Begin PBXNativeTarget section */
		A1B1B50926F0AC46007A560D /* Firebase Messenger */ = {
			isa = PBXNativeTarget;
			buildConfigurationList = A1B1B51E26F0AC49007A560D /* Build configuration list for PBXNativeTarget "Firebase Messenger" */;
			buildPhases = (
				C4C4B15D87E70BA88EC84AD1 /* [CP] Check Pods Manifest.lock */,
				A1B1B50626F0AC46007A560D /* Sources */,
				A1B1B50726F0AC46007A560D /* Frameworks */,
				A1B1B50826F0AC46007A560D /* Resources */,
				8707DDC71B1FB1DDB84FD9BB /* [CP] Embed Pods Frameworks */,
			);
			buildRules = (
			);
			dependencies = (
			);
			name = "Firebase Messenger";
			productName = "Firebase Messenger";
			productReference = A1B1B50A26F0AC46007A560D /* Firebase Messenger.app */;
			productType = "com.apple.product-type.application";
		};
/* End PBXNativeTarget section */

/* Begin PBXProject section */
		A1B1B50226F0AC46007A560D /* Project object */ = {
			isa = PBXProject;
			attributes = {
				LastSwiftUpdateCheck = 1230;
				LastUpgradeCheck = 1230;
				TargetAttributes = {
					A1B1B50926F0AC46007A560D = {
						CreatedOnToolsVersion = 12.3;
					};
				};
			};
			buildConfigurationList = A1B1B50526F0AC46007A560D /* Build configuration list for PBXProject "Firebase Messenger" */;
			compatibilityVersion = "Xcode 9.3";
			developmentRegion = en;
			hasScannedForEncodings = 0;
			knownRegions = (
				en,
				Base,
			);
			mainGroup = A1B1B50126F0AC46007A560D;
			productRefGroup = A1B1B50B26F0AC46007A560D /* Products */;
			projectDirPath = "";
			projectRoot = "";
			targets = (
				A1B1B50926F0AC46007A560D /* Firebase Messenger */,
			);
		};
/* End PBXProject section */

/* Begin PBXResourcesBuildPhase section */
		A1B1B50826F0AC46007A560D /* Resources */ = {
			isa = PBXResourcesBuildPhase;
			buildActionMask = 2147483647;
			files = (
				A1B1B51A26F0AC49007A560D /* LaunchScreen.storyboard in Resources */,
				A1B1B54526F0B4AB007A560D /* GoogleService-Info.plist in Resources */,
				A1B1B51726F0AC49007A560D /* Assets.xcassets in Resources */,
				A1B1B51526F0AC46007A560D /* Main.storyboard in Resources */,
			);
			runOnlyForDeploymentPostprocessing = 0;
		};
/* End PBXResourcesBuildPhase section */

/* Begin PBXShellScriptBuildPhase section */
		8707DDC71B1FB1DDB84FD9BB /* [CP] Embed Pods Frameworks */ = {
			isa = PBXShellScriptBuildPhase;
			buildActionMask = 2147483647;
			files = (
			);
			inputFileListPaths = (
				"${PODS_ROOT}/Target Support Files/Pods-Firebase Messenger/Pods-Firebase Messenger-frameworks-${CONFIGURATION}-input-files.xcfilelist",
			);
			name = "[CP] Embed Pods Frameworks";
			outputFileListPaths = (
				"${PODS_ROOT}/Target Support Files/Pods-Firebase Messenger/Pods-Firebase Messenger-frameworks-${CONFIGURATION}-output-files.xcfilelist",
			);
			runOnlyForDeploymentPostprocessing = 0;
			shellPath = /bin/sh;
			shellScript = "\"${PODS_ROOT}/Target Support Files/Pods-Firebase Messenger/Pods-Firebase Messenger-frameworks.sh\"\n";
			showEnvVarsInLog = 0;
		};
		C4C4B15D87E70BA88EC84AD1 /* [CP] Check Pods Manifest.lock */ = {
			isa = PBXShellScriptBuildPhase;
			buildActionMask = 2147483647;
			files = (
			);
			inputFileListPaths = (
			);
			inputPaths = (
				"${PODS_PODFILE_DIR_PATH}/Podfile.lock",
				"${PODS_ROOT}/Manifest.lock",
			);
			name = "[CP] Check Pods Manifest.lock";
			outputFileListPaths = (
			);
			outputPaths = (
				"$(DERIVED_FILE_DIR)/Pods-Firebase Messenger-checkManifestLockResult.txt",
			);
			runOnlyForDeploymentPostprocessing = 0;
			shellPath = /bin/sh;
			shellScript = "diff \"${PODS_PODFILE_DIR_PATH}/Podfile.lock\" \"${PODS_ROOT}/Manifest.lock\" > /dev/null\nif [ $? != 0 ] ; then\n    # print error to STDERR\n    echo \"error: The sandbox is not in sync with the Podfile.lock. Run 'pod install' or update your CocoaPods installation.\" >&2\n    exit 1\nfi\n# This output is used by Xcode 'outputs' to avoid re-running this script phase.\necho \"SUCCESS\" > \"${SCRIPT_OUTPUT_FILE_0}\"\n";
			showEnvVarsInLog = 0;
		};
/* End PBXShellScriptBuildPhase section */

/* Begin PBXSourcesBuildPhase section */
		A1B1B50626F0AC46007A560D /* Sources */ = {
			isa = PBXSourcesBuildPhase;
			buildActionMask = 2147483647;
			files = (
				A1B1B51226F0AC46007A560D /* LoginViewController.swift in Sources */,
				A1B1B50E26F0AC46007A560D /* AppDelegate.swift in Sources */,
				A1B1B51026F0AC46007A560D /* SceneDelegate.swift in Sources */,
			);
			runOnlyForDeploymentPostprocessing = 0;
		};
/* End PBXSourcesBuildPhase section */

/* Begin PBXVariantGroup section */
		A1B1B51326F0AC46007A560D /* Main.storyboard */ = {
			isa = PBXVariantGroup;
			children = (
				A1B1B51426F0AC46007A560D /* Base */,
			);
			name = Main.storyboard;
			sourceTree = "<group>";
		};
		A1B1B51826F0AC49007A560D /* LaunchScreen.storyboard */ = {
			isa = PBXVariantGroup;
			children = (
				A1B1B51926F0AC49007A560D /* Base */,
			);
			name = LaunchScreen.storyboard;
			sourceTree = "<group>";
		};
/* End PBXVariantGroup section */

/* Begin XCBuildConfiguration section */
		A1B1B51C26F0AC49007A560D /* Debug */ = {
			isa = XCBuildConfiguration;
			buildSettings = {
				ALWAYS_SEARCH_USER_PATHS = NO;
				CLANG_ANALYZER_NONNULL = YES;
				CLANG_ANALYZER_NUMBER_OBJECT_CONVERSION = YES_AGGRESSIVE;
				CLANG_CXX_LANGUAGE_STANDARD = "gnu++14";
				CLANG_CXX_LIBRARY = "libc++";
				CLANG_ENABLE_MODULES = YES;
				CLANG_ENABLE_OBJC_ARC = YES;
				CLANG_ENABLE_OBJC_WEAK = YES;
				CLANG_WARN_BLOCK_CAPTURE_AUTORELEASING = YES;
				CLANG_WARN_BOOL_CONVERSION = YES;
				CLANG_WARN_COMMA = YES;
				CLANG_WARN_CONSTANT_CONVERSION = YES;
				CLANG_WARN_DEPRECATED_OBJC_IMPLEMENTATIONS = YES;
				CLANG_WARN_DIRECT_OBJC_ISA_USAGE = YES_ERROR;
				CLANG_WARN_DOCUMENTATION_COMMENTS = YES;
				CLANG_WARN_EMPTY_BODY = YES;
				CLANG_WARN_ENUM_CONVERSION = YES;
				CLANG_WARN_INFINITE_RECURSION = YES;
				CLANG_WARN_INT_CONVERSION = YES;
				CLANG_WARN_NON_LITERAL_NULL_CONVERSION = YES;
				CLANG_WARN_OBJC_IMPLICIT_RETAIN_SELF = YES;
				CLANG_WARN_OBJC_LITERAL_CONVERSION = YES;
				CLANG_WARN_OBJC_ROOT_CLASS = YES_ERROR;
				CLANG_WARN_QUOTED_INCLUDE_IN_FRAMEWORK_HEADER = YES;
				CLANG_WARN_RANGE_LOOP_ANALYSIS = YES;
				CLANG_WARN_STRICT_PROTOTYPES = YES;
				CLANG_WARN_SUSPICIOUS_MOVE = YES;
				CLANG_WARN_UNGUARDED_AVAILABILITY = YES_AGGRESSIVE;
				CLANG_WARN_UNREACHABLE_CODE = YES;
				CLANG_WARN__DUPLICATE_METHOD_MATCH = YES;
				COPY_PHASE_STRIP = NO;
				DEBUG_INFORMATION_FORMAT = dwarf;
				ENABLE_STRICT_OBJC_MSGSEND = YES;
				ENABLE_TESTABILITY = YES;
				GCC_C_LANGUAGE_STANDARD = gnu11;
				GCC_DYNAMIC_NO_PIC = NO;
				GCC_NO_COMMON_BLOCKS = YES;
				GCC_OPTIMIZATION_LEVEL = 0;
				GCC_PREPROCESSOR_DEFINITIONS = (
					"DEBUG=1",
					"$(inherited)",
				);
				GCC_WARN_64_TO_32_BIT_CONVERSION = YES;
				GCC_WARN_ABOUT_RETURN_TYPE = YES_ERROR;
				GCC_WARN_UNDECLARED_SELECTOR = YES;
				GCC_WARN_UNINITIALIZED_AUTOS = YES_AGGRESSIVE;
				GCC_WARN_UNUSED_FUNCTION = YES;
				GCC_WARN_UNUSED_VARIABLE = YES;
				IPHONEOS_DEPLOYMENT_TARGET = 14.3;
				MTL_ENABLE_DEBUG_INFO = INCLUDE_SOURCE;
				MTL_FAST_MATH = YES;
				ONLY_ACTIVE_ARCH = YES;
				SDKROOT = iphoneos;
				SWIFT_ACTIVE_COMPILATION_CONDITIONS = DEBUG;
				SWIFT_OPTIMIZATION_LEVEL = "-Onone";
			};
			name = Debug;
		};
		A1B1B51D26F0AC49007A560D /* Release */ = {
			isa = XCBuildConfiguration;
			buildSettings = {
				ALWAYS_SEARCH_USER_PATHS = NO;
				CLANG_ANALYZER_NONNULL = YES;
				CLANG_ANALYZER_NUMBER_OBJECT_CONVERSION = YES_AGGRESSIVE;
				CLANG_CXX_LANGUAGE_STANDARD = "gnu++14";
				CLANG_CXX_LIBRARY = "libc++";
				CLANG_ENABLE_MODULES = YES;
				CLANG_ENABLE_OBJC_ARC = YES;
				CLANG_ENABLE_OBJC_WEAK = YES;
				CLANG_WARN_BLOCK_CAPTURE_AUTORELEASING = YES;
				CLANG_WARN_BOOL_CONVERSION = YES;
				CLANG_WARN_COMMA = YES;
				CLANG_WARN_CONSTANT_CONVERSION = YES;
				CLANG_WARN_DEPRECATED_OBJC_IMPLEMENTATIONS = YES;
				CLANG_WARN_DIRECT_OBJC_ISA_USAGE = YES_ERROR;
				CLANG_WARN_DOCUMENTATION_COMMENTS = YES;
				CLANG_WARN_EMPTY_BODY = YES;
				CLANG_WARN_ENUM_CONVERSION = YES;
				CLANG_WARN_INFINITE_RECURSION = YES;
				CLANG_WARN_INT_CONVERSION = YES;
				CLANG_WARN_NON_LITERAL_NULL_CONVERSION = YES;
				CLANG_WARN_OBJC_IMPLICIT_RETAIN_SELF = YES;
				CLANG_WARN_OBJC_LITERAL_CONVERSION = YES;
				CLANG_WARN_OBJC_ROOT_CLASS = YES_ERROR;
				CLANG_WARN_QUOTED_INCLUDE_IN_FRAMEWORK_HEADER = YES;
				CLANG_WARN_RANGE_LOOP_ANALYSIS = YES;
				CLANG_WARN_STRICT_PROTOTYPES = YES;
				CLANG_WARN_SUSPICIOUS_MOVE = YES;
				CLANG_WARN_UNGUARDED_AVAILABILITY = YES_AGGRESSIVE;
				CLANG_WARN_UNREACHABLE_CODE = YES;
				CLANG_WARN__DUPLICATE_METHOD_MATCH = YES;
				COPY_PHASE_STRIP = NO;
				DEBUG_INFORMATION_FORMAT = "dwarf-with-dsym";
				ENABLE_NS_ASSERTIONS = NO;
				ENABLE_STRICT_OBJC_MSGSEND = YES;
				GCC_C_LANGUAGE_STANDARD = gnu11;
				GCC_NO_COMMON_BLOCKS = YES;
				GCC_WARN_64_TO_32_BIT_CONVERSION = YES;
				GCC_WARN_ABOUT_RETURN_TYPE = YES_ERROR;
				GCC_WARN_UNDECLARED_SELECTOR = YES;
				GCC_WARN_UNINITIALIZED_AUTOS = YES_AGGRESSIVE;
				GCC_WARN_UNUSED_FUNCTION = YES;
				GCC_WARN_UNUSED_VARIABLE = YES;
				IPHONEOS_DEPLOYMENT_TARGET = 14.3;
				MTL_ENABLE_DEBUG_INFO = NO;
				MTL_FAST_MATH = YES;
				SDKROOT = iphoneos;
				SWIFT_COMPILATION_MODE = wholemodule;
				SWIFT_OPTIMIZATION_LEVEL = "-O";
				VALIDATE_PRODUCT = YES;
			};
			name = Release;
		};
		A1B1B51F26F0AC49007A560D /* Debug */ = {
			isa = XCBuildConfiguration;
			baseConfigurationReference = 2A159441D7722DF5649B2211 /* Pods-Firebase Messenger.debug.xcconfig */;
			buildSettings = {
				ASSETCATALOG_COMPILER_APPICON_NAME = AppIcon;
				ASSETCATALOG_COMPILER_GLOBAL_ACCENT_COLOR_NAME = AccentColor;
				CODE_SIGN_STYLE = Automatic;
				DEVELOPMENT_TEAM = Y7K7KKB2V4;
				INFOPLIST_FILE = "Firebase Messenger/Info.plist";
				IPHONEOS_DEPLOYMENT_TARGET = 14.0;
				LD_RUNPATH_SEARCH_PATHS = (
					"$(inherited)",
					"@executable_path/Frameworks",
				);
				PRODUCT_BUNDLE_IDENTIFIER = "com.andelkov.Firebase-Messenger";
				PRODUCT_NAME = "$(TARGET_NAME)";
				SWIFT_VERSION = 5.0;
				TARGETED_DEVICE_FAMILY = 1;
			};
			name = Debug;
		};
		A1B1B52026F0AC49007A560D /* Release */ = {
			isa = XCBuildConfiguration;
			baseConfigurationReference = 6DDCBD7A4FC4F9AFE49279FB /* Pods-Firebase Messenger.release.xcconfig */;
			buildSettings = {
				ASSETCATALOG_COMPILER_APPICON_NAME = AppIcon;
				ASSETCATALOG_COMPILER_GLOBAL_ACCENT_COLOR_NAME = AccentColor;
				CODE_SIGN_STYLE = Automatic;
				DEVELOPMENT_TEAM = Y7K7KKB2V4;
				INFOPLIST_FILE = "Firebase Messenger/Info.plist";
				IPHONEOS_DEPLOYMENT_TARGET = 14.0;
				LD_RUNPATH_SEARCH_PATHS = (
					"$(inherited)",
					"@executable_path/Frameworks",
				);
				PRODUCT_BUNDLE_IDENTIFIER = "com.andelkov.Firebase-Messenger";
				PRODUCT_NAME = "$(TARGET_NAME)";
				SWIFT_VERSION = 5.0;
				TARGETED_DEVICE_FAMILY = 1;
			};
			name = Release;
		};
/* End XCBuildConfiguration section */

/* Begin XCConfigurationList section */
		A1B1B50526F0AC46007A560D /* Build configuration list for PBXProject "Firebase Messenger" */ = {
			isa = XCConfigurationList;
			buildConfigurations = (
				A1B1B51C26F0AC49007A560D /* Debug */,
				A1B1B51D26F0AC49007A560D /* Release */,
			);
			defaultConfigurationIsVisible = 0;
			defaultConfigurationName = Release;
		};
		A1B1B51E26F0AC49007A560D /* Build configuration list for PBXNativeTarget "Firebase Messenger" */ = {
			isa = XCConfigurationList;
			buildConfigurations = (
				A1B1B51F26F0AC49007A560D /* Debug */,
				A1B1B52026F0AC49007A560D /* Release */,
			);
			defaultConfigurationIsVisible = 0;
			defaultConfigurationName = Release;
		};
/* End XCConfigurationList section */
	};
	rootObject = A1B1B50226F0AC46007A560D /* Project object */;
}
